
Microsoft Visual Studio Solution File, Format Version 12.00
# Visual Studio Version 16
VisualStudioVersion = 16.0.30204.135
MinimumVisualStudioVersion = 10.0.40219.1
Project("{FAE04EC0-301F-11D3-BF4B-00C04F79EFBC}") = "sample_4_7", "sample_4_7\sample_4_7.csproj", "{7D126495-5ED7-433B-9D1E-2EDC9C4540F4}"
EndProject
Global
	GlobalSection(SolutionConfigurationPlatforms) = preSolution
		Debug|Any CPU = Debug|Any CPU
		Release|Any CPU = Release|Any CPU
	EndGlobalSection
	GlobalSection(ProjectConfigurationPlatforms) = postSolution
		{7D126495-5ED7-433B-9D1E-2EDC9C4540F4}.Debug|Any CPU.ActiveCfg = Debug|Any CPU
		{7D126495-5ED7-433B-9D1E-2EDC9C4540F4}.Debug|Any CPU.Build.0 = Debug|Any CPU
		{7D126495-5ED7-433B-9D1E-2EDC9C4540F4}.Release|Any CPU.ActiveCfg = Release|Any CPU
		{7D126495-5ED7-433B-9D1E-2EDC9C4540F4}.Release|Any CPU.Build.0 = Release|Any CPU
	EndGlobalSection
	GlobalSection(SolutionProperties) = preSolution
		HideSolutionNode = FALSE
	EndGlobalSection
	GlobalSection(ExtensibilityGlobals) = postSolution
		SolutionGuid = {38F1B5D2-8D25-463E-8B07-9E95B8D3E1DC}
	EndGlobalSection
EndGlobal
